// !$*UTF8*$!
{
	archiveVersion = 1;
	classes = {
	};
	objectVersion = 46;
	objects = {

/* Begin PBXBuildFile section */
		57E4F9621AFF7EF9003F4ABB /* main.m in Sources */ = {isa = PBXBuildFile; fileRef = 57E4F9611AFF7EF9003F4ABB /* main.m */; };
		57E4F9651AFF7EF9003F4ABB /* AppDelegate.m in Sources */ = {isa = PBXBuildFile; fileRef = 57E4F9641AFF7EF9003F4ABB /* AppDelegate.m */; };
		57E4F9681AFF7EF9003F4ABB /* ViewController.m in Sources */ = {isa = PBXBuildFile; fileRef = 57E4F9671AFF7EF9003F4ABB /* ViewController.m */; };
		57E4F96B1AFF7EF9003F4ABB /* Main.storyboard in Resources */ = {isa = PBXBuildFile; fileRef = 57E4F9691AFF7EF9003F4ABB /* Main.storyboard */; };
		57E4F96D1AFF7EF9003F4ABB /* Images.xcassets in Resources */ = {isa = PBXBuildFile; fileRef = 57E4F96C1AFF7EF9003F4ABB /* Images.xcassets */; };
		57E4F9701AFF7EF9003F4ABB /* LaunchScreen.xib in Resources */ = {isa = PBXBuildFile; fileRef = 57E4F96E1AFF7EF9003F4ABB /* LaunchScreen.xib */; };
		57E4F97C1AFF7EF9003F4ABB /* UBISEcallEM01Tests.m in Sources */ = {isa = PBXBuildFile; fileRef = 57E4F97B1AFF7EF9003F4ABB /* UBISEcallEM01Tests.m */; };
		57E4F9871AFF80FB003F4ABB /* icon.png in Resources */ = {isa = PBXBuildFile; fileRef = 57E4F9861AFF80FB003F4ABB /* icon.png */; };
		57E4F9891AFF8106003F4ABB /* ic_emergency.png in Resources */ = {isa = PBXBuildFile; fileRef = 57E4F9881AFF8106003F4ABB /* ic_emergency.png */; };
		57E4F98C1AFF812F003F4ABB /* CAllServer.m in Sources */ = {isa = PBXBuildFile; fileRef = 57E4F98B1AFF812F003F4ABB /* CAllServer.m */; };
		57E4F98F1AFF813C003F4ABB /* DwfmsSegue.m in Sources */ = {isa = PBXBuildFile; fileRef = 57E4F98E1AFF813C003F4ABB /* DwfmsSegue.m */; };
		57E4F9921AFF8149003F4ABB /* IdentViewController.m in Sources */ = {isa = PBXBuildFile; fileRef = 57E4F9911AFF8149003F4ABB /* IdentViewController.m */; };
/* End PBXBuildFile section */

/* Begin PBXContainerItemProxy section */
		57E4F9761AFF7EF9003F4ABB /* PBXContainerItemProxy */ = {
			isa = PBXContainerItemProxy;
			containerPortal = 57E4F9541AFF7EF9003F4ABB /* Project object */;
			proxyType = 1;
			remoteGlobalIDString = 57E4F95B1AFF7EF9003F4ABB;
			remoteInfo = UBISEcallEM01;
		};
/* End PBXContainerItemProxy section */

/* Begin PBXFileReference section */
		57E4F95C1AFF7EF9003F4ABB /* UBISEcallEM01.app */ = {isa = PBXFileReference; explicitFileType = wrapper.application; includeInIndex = 0; path = UBISEcallEM01.app; sourceTree = BUILT_PRODUCTS_DIR; };
		57E4F9601AFF7EF9003F4ABB /* Info.plist */ = {isa = PBXFileReference; lastKnownFileType = text.plist.xml; path = Info.plist; sourceTree = "<group>"; };
		57E4F9611AFF7EF9003F4ABB /* main.m */ = {isa = PBXFileReference; lastKnownFileType = sourcecode.c.objc; path = main.m; sourceTree = "<group>"; };
		57E4F9631AFF7EF9003F4ABB /* AppDelegate.h */ = {isa = PBXFileReference; lastKnownFileType = sourcecode.c.h; path = AppDelegate.h; sourceTree = "<group>"; };
		57E4F9641AFF7EF9003F4ABB /* AppDelegate.m */ = {isa = PBXFileReference; lastKnownFileType = sourcecode.c.objc; path = AppDelegate.m; sourceTree = "<group>"; };
		57E4F9661AFF7EF9003F4ABB /* ViewController.h */ = {isa = PBXFileReference; lastKnownFileType = sourcecode.c.h; path = ViewController.h; sourceTree = "<group>"; };
		57E4F9671AFF7EF9003F4ABB /* ViewController.m */ = {isa = PBXFileReference; lastKnownFileType = sourcecode.c.objc; path = ViewController.m; sourceTree = "<group>"; };
		57E4F96A1AFF7EF9003F4ABB /* Base */ = {isa = PBXFileReference; lastKnownFileType = file.storyboard; name = Base; path = Base.lproj/Main.storyboard; sourceTree = "<group>"; };
		57E4F96C1AFF7EF9003F4ABB /* Images.xcassets */ = {isa = PBXFileReference; lastKnownFileType = folder.assetcatalog; path = Images.xcassets; sourceTree = "<group>"; };
		57E4F96F1AFF7EF9003F4ABB /* Base */ = {isa = PBXFileReference; lastKnownFileType = file.xib; name = Base; path = Base.lproj/LaunchScreen.xib; sourceTree = "<group>"; };
		57E4F9751AFF7EF9003F4ABB /* UBISEcallEM01Tests.xctest */ = {isa = PBXFileReference; explicitFileType = wrapper.cfbundle; includeInIndex = 0; path = UBISEcallEM01Tests.xctest; sourceTree = BUILT_PRODUCTS_DIR; };
		57E4F97A1AFF7EF9003F4ABB /* Info.plist */ = {isa = PBXFileReference; lastKnownFileType = text.plist.xml; path = Info.plist; sourceTree = "<group>"; };
		57E4F97B1AFF7EF9003F4ABB /* UBISEcallEM01Tests.m */ = {isa = PBXFileReference; lastKnownFileType = sourcecode.c.objc; path = UBISEcallEM01Tests.m; sourceTree = "<group>"; };
		57E4F9861AFF80FB003F4ABB /* icon.png */ = {isa = PBXFileReference; lastKnownFileType = image.png; path = icon.png; sourceTree = "<group>"; };
		57E4F9881AFF8106003F4ABB /* ic_emergency.png */ = {isa = PBXFileReference; lastKnownFileType = image.png; path = ic_emergency.png; sourceTree = "<group>"; };
		57E4F98A1AFF8129003F4ABB /* CAllServer.h */ = {isa = PBXFileReference; fileEncoding = 4; lastKnownFileType = sourcecode.c.h; path = CAllServer.h; sourceTree = "<group>"; };
		57E4F98B1AFF812F003F4ABB /* CAllServer.m */ = {isa = PBXFileReference; fileEncoding = 4; lastKnownFileType = sourcecode.c.objc; path = CAllServer.m; sourceTree = "<group>"; };
		57E4F98D1AFF8136003F4ABB /* DwfmsSegue.h */ = {isa = PBXFileReference; lastKnownFileType = sourcecode.c.h; path = DwfmsSegue.h; sourceTree = "<group>"; };
		57E4F98E1AFF813C003F4ABB /* DwfmsSegue.m */ = {isa = PBXFileReference; fileEncoding = 4; lastKnownFileType = sourcecode.c.objc; path = DwfmsSegue.m; sourceTree = "<group>"; };
		57E4F9901AFF8144003F4ABB /* IdentViewController.h */ = {isa = PBXFileReference; lastKnownFileType = sourcecode.c.h; path = IdentViewController.h; sourceTree = "<group>"; };
		57E4F9911AFF8149003F4ABB /* IdentViewController.m */ = {isa = PBXFileReference; fileEncoding = 4; lastKnownFileType = sourcecode.c.objc; path = IdentViewController.m; sourceTree = "<group>"; };
/* End PBXFileReference section */

/* Begin PBXFrameworksBuildPhase section */
		57E4F9591AFF7EF9003F4ABB /* Frameworks */ = {
			isa = PBXFrameworksBuildPhase;
			buildActionMask = 2147483647;
			files = (
			);
			runOnlyForDeploymentPostprocessing = 0;
		};
		57E4F9721AFF7EF9003F4ABB /* Frameworks */ = {
			isa = PBXFrameworksBuildPhase;
			buildActionMask = 2147483647;
			files = (
			);
			runOnlyForDeploymentPostprocessing = 0;
		};
/* End PBXFrameworksBuildPhase section */

/* Begin PBXGroup section */
		57E4F9531AFF7EF9003F4ABB = {
			isa = PBXGroup;
			children = (
				57E4F95E1AFF7EF9003F4ABB /* UBISEcallEM01 */,
				57E4F9781AFF7EF9003F4ABB /* UBISEcallEM01Tests */,
				57E4F95D1AFF7EF9003F4ABB /* Products */,
			);
			sourceTree = "<group>";
		};
		57E4F95D1AFF7EF9003F4ABB /* Products */ = {
			isa = PBXGroup;
			children = (
				57E4F95C1AFF7EF9003F4ABB /* UBISEcallEM01.app */,
				57E4F9751AFF7EF9003F4ABB /* UBISEcallEM01Tests.xctest */,
			);
			name = Products;
			sourceTree = "<group>";
		};
		57E4F95E1AFF7EF9003F4ABB /* UBISEcallEM01 */ = {
			isa = PBXGroup;
			children = (
				57E4F9851AFF80E2003F4ABB /* image */,
				57E4F9631AFF7EF9003F4ABB /* AppDelegate.h */,
				57E4F9641AFF7EF9003F4ABB /* AppDelegate.m */,
				57E4F9661AFF7EF9003F4ABB /* ViewController.h */,
				57E4F9671AFF7EF9003F4ABB /* ViewController.m */,
				57E4F98A1AFF8129003F4ABB /* CAllServer.h */,
				57E4F98B1AFF812F003F4ABB /* CAllServer.m */,
				57E4F98D1AFF8136003F4ABB /* DwfmsSegue.h */,
				57E4F98E1AFF813C003F4ABB /* DwfmsSegue.m */,
				57E4F9901AFF8144003F4ABB /* IdentViewController.h */,
				57E4F9911AFF8149003F4ABB /* IdentViewController.m */,
				57E4F9691AFF7EF9003F4ABB /* Main.storyboard */,
				57E4F96C1AFF7EF9003F4ABB /* Images.xcassets */,
				57E4F96E1AFF7EF9003F4ABB /* LaunchScreen.xib */,
				57E4F95F1AFF7EF9003F4ABB /* Supporting Files */,
			);
			path = UBISEcallEM01;
			sourceTree = "<group>";
		};
		57E4F95F1AFF7EF9003F4ABB /* Supporting Files */ = {
			isa = PBXGroup;
			children = (
				57E4F9601AFF7EF9003F4ABB /* Info.plist */,
				57E4F9611AFF7EF9003F4ABB /* main.m */,
			);
			name = "Supporting Files";
			sourceTree = "<group>";
		};
		57E4F9781AFF7EF9003F4ABB /* UBISEcallEM01Tests */ = {
			isa = PBXGroup;
			children = (
				57E4F97B1AFF7EF9003F4ABB /* UBISEcallEM01Tests.m */,
				57E4F9791AFF7EF9003F4ABB /* Supporting Files */,
			);
			path = UBISEcallEM01Tests;
			sourceTree = "<group>";
		};
		57E4F9791AFF7EF9003F4ABB /* Supporting Files */ = {
			isa = PBXGroup;
			children = (
				57E4F97A1AFF7EF9003F4ABB /* Info.plist */,
			);
			name = "Supporting Files";
			sourceTree = "<group>";
		};
		57E4F9851AFF80E2003F4ABB /* image */ = {
			isa = PBXGroup;
			children = (
				57E4F9881AFF8106003F4ABB /* ic_emergency.png */,
				57E4F9861AFF80FB003F4ABB /* icon.png */,
			);
			name = image;
			sourceTree = "<group>";
		};
/* End PBXGroup section */

/* Begin PBXNativeTarget section */
		57E4F95B1AFF7EF9003F4ABB /* UBISEcallEM01 */ = {
			isa = PBXNativeTarget;
			buildConfigurationList = 57E4F97F1AFF7EF9003F4ABB /* Build configuration list for PBXNativeTarget "UBISEcallEM01" */;
			buildPhases = (
				57E4F9581AFF7EF9003F4ABB /* Sources */,
				57E4F9591AFF7EF9003F4ABB /* Frameworks */,
				57E4F95A1AFF7EF9003F4ABB /* Resources */,
			);
			buildRules = (
			);
			dependencies = (
			);
			name = UBISEcallEM01;
			productName = UBISEcallEM01;
			productReference = 57E4F95C1AFF7EF9003F4ABB /* UBISEcallEM01.app */;
			productType = "com.apple.product-type.application";
		};
		57E4F9741AFF7EF9003F4ABB /* UBISEcallEM01Tests */ = {
			isa = PBXNativeTarget;
			buildConfigurationList = 57E4F9821AFF7EF9003F4ABB /* Build configuration list for PBXNativeTarget "UBISEcallEM01Tests" */;
			buildPhases = (
				57E4F9711AFF7EF9003F4ABB /* Sources */,
				57E4F9721AFF7EF9003F4ABB /* Frameworks */,
				57E4F9731AFF7EF9003F4ABB /* Resources */,
			);
			buildRules = (
			);
			dependencies = (
				57E4F9771AFF7EF9003F4ABB /* PBXTargetDependency */,
			);
			name = UBISEcallEM01Tests;
			productName = UBISEcallEM01Tests;
			productReference = 57E4F9751AFF7EF9003F4ABB /* UBISEcallEM01Tests.xctest */;
			productType = "com.apple.product-type.bundle.unit-test";
		};
/* End PBXNativeTarget section */

/* Begin PBXProject section */
		57E4F9541AFF7EF9003F4ABB /* Project object */ = {
			isa = PBXProject;
			attributes = {
				LastUpgradeCheck = 0630;
				ORGANIZATIONNAME = dwni;
				TargetAttributes = {
					57E4F95B1AFF7EF9003F4ABB = {
						CreatedOnToolsVersion = 6.3.1;
						DevelopmentTeam = 4P28E7RU57;
					};
					57E4F9741AFF7EF9003F4ABB = {
						CreatedOnToolsVersion = 6.3.1;
						TestTargetID = 57E4F95B1AFF7EF9003F4ABB;
					};
				};
			};
			buildConfigurationList = 57E4F9571AFF7EF9003F4ABB /* Build configuration list for PBXProject "UBISEcallEM01" */;
			compatibilityVersion = "Xcode 3.2";
			developmentRegion = English;
			hasScannedForEncodings = 0;
			knownRegions = (
				en,
				Base,
			);
			mainGroup = 57E4F9531AFF7EF9003F4ABB;
			productRefGroup = 57E4F95D1AFF7EF9003F4ABB /* Products */;
			projectDirPath = "";
			projectRoot = "";
			targets = (
				57E4F95B1AFF7EF9003F4ABB /* UBISEcallEM01 */,
				57E4F9741AFF7EF9003F4ABB /* UBISEcallEM01Tests */,
			);
		};
/* End PBXProject section */

/* Begin PBXResourcesBuildPhase section */
		57E4F95A1AFF7EF9003F4ABB /* Resources */ = {
			isa = PBXResourcesBuildPhase;
			buildActionMask = 2147483647;
			files = (
				57E4F9891AFF8106003F4ABB /* ic_emergency.png in Resources */,
				57E4F96B1AFF7EF9003F4ABB /* Main.storyboard in Resources */,
				57E4F9871AFF80FB003F4ABB /* icon.png in Resources */,
				57E4F9701AFF7EF9003F4ABB /* LaunchScreen.xib in Resources */,
				57E4F96D1AFF7EF9003F4ABB /* Images.xcassets in Resources */,
			);
			runOnlyForDeploymentPostprocessing = 0;
		};
		57E4F9731AFF7EF9003F4ABB /* Resources */ = {
			isa = PBXResourcesBuildPhase;
			buildActionMask = 2147483647;
			files = (
			);
			runOnlyForDeploymentPostprocessing = 0;
		};
/* End PBXResourcesBuildPhase section */

/* Begin PBXSourcesBuildPhase section */
		57E4F9581AFF7EF9003F4ABB /* Sources */ = {
			isa = PBXSourcesBuildPhase;
			buildActionMask = 2147483647;
			files = (
				57E4F9681AFF7EF9003F4ABB /* ViewController.m in Sources */,
				57E4F9921AFF8149003F4ABB /* IdentViewController.m in Sources */,
				57E4F98F1AFF813C003F4ABB /* DwfmsSegue.m in Sources */,
				57E4F9651AFF7EF9003F4ABB /* AppDelegate.m in Sources */,
				57E4F98C1AFF812F003F4ABB /* CAllServer.m in Sources */,
				57E4F9621AFF7EF9003F4ABB /* main.m in Sources */,
			);
			runOnlyForDeploymentPostprocessing = 0;
		};
		57E4F9711AFF7EF9003F4ABB /* Sources */ = {
			isa = PBXSourcesBuildPhase;
			buildActionMask = 2147483647;
			files = (
				57E4F97C1AFF7EF9003F4ABB /* UBISEcallEM01Tests.m in Sources */,
			);
			runOnlyForDeploymentPostprocessing = 0;
		};
/* End PBXSourcesBuildPhase section */

/* Begin PBXTargetDependency section */
		57E4F9771AFF7EF9003F4ABB /* PBXTargetDependency */ = {
			isa = PBXTargetDependency;
			target = 57E4F95B1AFF7EF9003F4ABB /* UBISEcallEM01 */;
			targetProxy = 57E4F9761AFF7EF9003F4ABB /* PBXContainerItemProxy */;
		};
/* End PBXTargetDependency section */

/* Begin PBXVariantGroup section */
		57E4F9691AFF7EF9003F4ABB /* Main.storyboard */ = {
			isa = PBXVariantGroup;
			children = (
				57E4F96A1AFF7EF9003F4ABB /* Base */,
			);
			name = Main.storyboard;
			sourceTree = "<group>";
		};
		57E4F96E1AFF7EF9003F4ABB /* LaunchScreen.xib */ = {
			isa = PBXVariantGroup;
			children = (
				57E4F96F1AFF7EF9003F4ABB /* Base */,
			);
			name = LaunchScreen.xib;
			sourceTree = "<group>";
		};
/* End PBXVariantGroup section */

/* Begin XCBuildConfiguration section */
		57E4F97D1AFF7EF9003F4ABB /* Debug */ = {
			isa = XCBuildConfiguration;
			buildSettings = {
				ALWAYS_SEARCH_USER_PATHS = NO;
				CLANG_CXX_LANGUAGE_STANDARD = "gnu++0x";
				CLANG_CXX_LIBRARY = "libc++";
				CLANG_ENABLE_MODULES = YES;
				CLANG_ENABLE_OBJC_ARC = YES;
				CLANG_WARN_BOOL_CONVERSION = YES;
				CLANG_WARN_CONSTANT_CONVERSION = YES;
				CLANG_WARN_DIRECT_OBJC_ISA_USAGE = YES_ERROR;
				CLANG_WARN_EMPTY_BODY = YES;
				CLANG_WARN_ENUM_CONVERSION = YES;
				CLANG_WARN_INT_CONVERSION = YES;
				CLANG_WARN_OBJC_ROOT_CLASS = YES_ERROR;
				CLANG_WARN_UNREACHABLE_CODE = YES;
				CLANG_WARN__DUPLICATE_METHOD_MATCH = YES;
				"CODE_SIGN_IDENTITY[sdk=iphoneos*]" = "iPhone Developer";
				COPY_PHASE_STRIP = NO;
				DEBUG_INFORMATION_FORMAT = "dwarf-with-dsym";
				ENABLE_STRICT_OBJC_MSGSEND = YES;
				GCC_C_LANGUAGE_STANDARD = gnu99;
				GCC_DYNAMIC_NO_PIC = NO;
				GCC_NO_COMMON_BLOCKS = YES;
				GCC_OPTIMIZATION_LEVEL = 0;
				GCC_PREPROCESSOR_DEFINITIONS = (
					"DEBUG=1",
					"$(inherited)",
				);
				GCC_SYMBOLS_PRIVATE_EXTERN = NO;
				GCC_WARN_64_TO_32_BIT_CONVERSION = YES;
				GCC_WARN_ABOUT_RETURN_TYPE = YES_ERROR;
				GCC_WARN_UNDECLARED_SELECTOR = YES;
				GCC_WARN_UNINITIALIZED_AUTOS = YES_AGGRESSIVE;
				GCC_WARN_UNUSED_FUNCTION = YES;
				GCC_WARN_UNUSED_VARIABLE = YES;
				IPHONEOS_DEPLOYMENT_TARGET = 8.3;
				MTL_ENABLE_DEBUG_INFO = YES;
				ONLY_ACTIVE_ARCH = YES;
				SDKROOT = iphoneos;
			};
			name = Debug;
		};
		57E4F97E1AFF7EF9003F4ABB /* Release */ = {
			isa = XCBuildConfiguration;
			buildSettings = {
				ALWAYS_SEARCH_USER_PATHS = NO;
				CLANG_CXX_LANGUAGE_STANDARD = "gnu++0x";
				CLANG_CXX_LIBRARY = "libc++";
				CLANG_ENABLE_MODULES = YES;
				CLANG_ENABLE_OBJC_ARC = YES;
				CLANG_WARN_BOOL_CONVERSION = YES;
				CLANG_WARN_CONSTANT_CONVERSION = YES;
				CLANG_WARN_DIRECT_OBJC_ISA_USAGE = YES_ERROR;
				CLANG_WARN_EMPTY_BODY = YES;
				CLANG_WARN_ENUM_CONVERSION = YES;
				CLANG_WARN_INT_CONVERSION = YES;
				CLANG_WARN_OBJC_ROOT_CLASS = YES_ERROR;
				CLANG_WARN_UNREACHABLE_CODE = YES;
				CLANG_WARN__DUPLICATE_METHOD_MATCH = YES;
				"CODE_SIGN_IDENTITY[sdk=iphoneos*]" = "iPhone Developer";
				COPY_PHASE_STRIP = NO;
				DEBUG_INFORMATION_FORMAT = "dwarf-with-dsym";
				ENABLE_NS_ASSERTIONS = NO;
				ENABLE_STRICT_OBJC_MSGSEND = YES;
				GCC_C_LANGUAGE_STANDARD = gnu99;
				GCC_NO_COMMON_BLOCKS = YES;
				GCC_WARN_64_TO_32_BIT_CONVERSION = YES;
				GCC_WARN_ABOUT_RETURN_TYPE = YES_ERROR;
				GCC_WARN_UNDECLARED_SELECTOR = YES;
				GCC_WARN_UNINITIALIZED_AUTOS = YES_AGGRESSIVE;
				GCC_WARN_UNUSED_FUNCTION = YES;
				GCC_WARN_UNUSED_VARIABLE = YES;
				IPHONEOS_DEPLOYMENT_TARGET = 8.3;
				MTL_ENABLE_DEBUG_INFO = NO;
				SDKROOT = iphoneos;
				VALIDATE_PRODUCT = YES;
			};
			name = Release;
		};
		57E4F9801AFF7EF9003F4ABB /* Debug */ = {
			isa = XCBuildConfiguration;
			buildSettings = {
				ASSETCATALOG_COMPILER_APPICON_NAME = AppIcon;
				CODE_SIGN_IDENTITY = "iPhone Developer";
				"CODE_SIGN_IDENTITY[sdk=iphoneos*]" = "iPhone Developer";
				INFOPLIST_FILE = UBISEcallEM01/Info.plist;
				IPHONEOS_DEPLOYMENT_TARGET = 7.1;
				LD_RUNPATH_SEARCH_PATHS = "$(inherited) @executable_path/Frameworks";
				PRODUCT_NAME = "$(TARGET_NAME)";
				PROVISIONING_PROFILE = "";
			};
			name = Debug;
		};
		57E4F9811AFF7EF9003F4ABB /* Release */ = {
			isa = XCBuildConfiguration;
			buildSettings = {
				ASSETCATALOG_COMPILER_APPICON_NAME = AppIcon;
				CODE_SIGN_IDENTITY = "iPhone Developer";
				"CODE_SIGN_IDENTITY[sdk=iphoneos*]" = "iPhone Developer";
				INFOPLIST_FILE = UBISEcallEM01/Info.plist;
				IPHONEOS_DEPLOYMENT_TARGET = 7.1;
				LD_RUNPATH_SEARCH_PATHS = "$(inherited) @executable_path/Frameworks";
				PRODUCT_NAME = "$(TARGET_NAME)";
				PROVISIONING_PROFILE = "";
			};
			name = Release;
		};
		57E4F9831AFF7EF9003F4ABB /* Debug */ = {
			isa = XCBuildConfiguration;
			buildSettings = {
				BUNDLE_LOADER = "$(TEST_HOST)";
				FRAMEWORK_SEARCH_PATHS = (
					"$(SDKROOT)/Developer/Library/Frameworks",
					"$(inherited)",
				);
				GCC_PREPROCESSOR_DEFINITIONS = (
					"DEBUG=1",
					"$(inherited)",
				);
				INFOPLIST_FILE = UBISEcallEM01Tests/Info.plist;
				LD_RUNPATH_SEARCH_PATHS = "$(inherited) @executable_path/Frameworks @loader_path/Frameworks";
				PRODUCT_NAME = "$(TARGET_NAME)";
				TEST_HOST = "$(BUILT_PRODUCTS_DIR)/UBISEcallEM01.app/UBISEcallEM01";
			};
			name = Debug;
		};
		57E4F9841AFF7EF9003F4ABB /* Release */ = {
			isa = XCBuildConfiguration;
			buildSettings = {
				BUNDLE_LOADER = "$(TEST_HOST)";
				FRAMEWORK_SEARCH_PATHS = (
					"$(SDKROOT)/Developer/Library/Frameworks",
					"$(inherited)",
				);
				INFOPLIST_FILE = UBISEcallEM01Tests/Info.plist;
				LD_RUNPATH_SEARCH_PATHS = "$(inherited) @executable_path/Frameworks @loader_path/Frameworks";
				PRODUCT_NAME = "$(TARGET_NAME)";
				TEST_HOST = "$(BUILT_PRODUCTS_DIR)/UBISEcallEM01.app/UBISEcallEM01";
			};
			name = Release;
		};
/* End XCBuildConfiguration section */

/* Begin XCConfigurationList section */
		57E4F9571AFF7EF9003F4ABB /* Build configuration list for PBXProject "UBISEcallEM01" */ = {
			isa = XCConfigurationList;
			buildConfigurations = (
				57E4F97D1AFF7EF9003F4ABB /* Debug */,
				57E4F97E1AFF7EF9003F4ABB /* Release */,
			);
			defaultConfigurationIsVisible = 0;
			defaultConfigurationName = Release;
		};
		57E4F97F1AFF7EF9003F4ABB /* Build configuration list for PBXNativeTarget "UBISEcallEM01" */ = {
			isa = XCConfigurationList;
			buildConfigurations = (
				57E4F9801AFF7EF9003F4ABB /* Debug */,
				57E4F9811AFF7EF9003F4ABB /* Release */,
			);
			defaultConfigurationIsVisible = 0;
			defaultConfigurationName = Release;
		};
		57E4F9821AFF7EF9003F4ABB /* Build configuration list for PBXNativeTarget "UBISEcallEM01Tests" */ = {
			isa = XCConfigurationList;
			buildConfigurations = (
				57E4F9831AFF7EF9003F4ABB /* Debug */,
				57E4F9841AFF7EF9003F4ABB /* Release */,
			);
			defaultConfigurationIsVisible = 0;
			defaultConfigurationName = Release;
		};
/* End XCConfigurationList section */
	};
	rootObject = 57E4F9541AFF7EF9003F4ABB /* Project object */;
}
